
Microsoft Visual Studio Solution File, Format Version 12.00
# Visual Studio Version 16
VisualStudioVersion = 16.0.31729.503
MinimumVisualStudioVersion = 10.0.40219.1
Project("{FAE04EC0-301F-11D3-BF4B-00C04F79EFBC}") = "Mini_Game", "Mini_Game\Mini_Game.csproj", "{5A035915-9125-4612-A6C6-2972AEFDB997}"
EndProject
Global
	GlobalSection(SolutionConfigurationPlatforms) = preSolution
		Debug|Any CPU = Debug|Any CPU
		Release|Any CPU = Release|Any CPU
	EndGlobalSection
	GlobalSection(ProjectConfigurationPlatforms) = postSolution
		{5A035915-9125-4612-A6C6-2972AEFDB997}.Debug|Any CPU.ActiveCfg = Debug|Any CPU
		{5A035915-9125-4612-A6C6-2972AEFDB997}.Debug|Any CPU.Build.0 = Debug|Any CPU
		{5A035915-9125-4612-A6C6-2972AEFDB997}.Release|Any CPU.ActiveCfg = Release|Any CPU
		{5A035915-9125-4612-A6C6-2972AEFDB997}.Release|Any CPU.Build.0 = Release|Any CPU
	EndGlobalSection
	GlobalSection(SolutionProperties) = preSolution
		HideSolutionNode = FALSE
	EndGlobalSection
	GlobalSection(ExtensibilityGlobals) = postSolution
		SolutionGuid = {FB308ADC-934C-469A-91CD-62A6F3076170}
	EndGlobalSection
EndGlobal
